// !$*UTF8*$!
{
	archiveVersion = 1;
	classes = {
	};
	objectVersion = 56;
	objects = {

/* Begin PBXBuildFile section */
		70DA7AFB2B9EFB31009C5FAD /* AppDelegate.swift in Sources */ = {isa = PBXBuildFile; fileRef = 70DA7AFA2B9EFB31009C5FAD /* AppDelegate.swift */; };
		70DA7AFD2B9EFB31009C5FAD /* SceneDelegate.swift in Sources */ = {isa = PBXBuildFile; fileRef = 70DA7AFC2B9EFB31009C5FAD /* SceneDelegate.swift */; };
		70DA7B042B9EFB33009C5FAD /* Assets.xcassets in Resources */ = {isa = PBXBuildFile; fileRef = 70DA7B032B9EFB33009C5FAD /* Assets.xcassets */; };
		70DA7B072B9EFB33009C5FAD /* LaunchScreen.storyboard in Resources */ = {isa = PBXBuildFile; fileRef = 70DA7B052B9EFB33009C5FAD /* LaunchScreen.storyboard */; };
		70DA7B102B9EFC84009C5FAD /* Eureka in Frameworks */ = {isa = PBXBuildFile; productRef = 70DA7B0F2B9EFC84009C5FAD /* Eureka */; };
		70DA7B132B9EFC8D009C5FAD /* Kingfisher in Frameworks */ = {isa = PBXBuildFile; productRef = 70DA7B122B9EFC8D009C5FAD /* Kingfisher */; };
		70DA7B162B9EFC9A009C5FAD /* SnapKit in Frameworks */ = {isa = PBXBuildFile; productRef = 70DA7B152B9EFC9A009C5FAD /* SnapKit */; };
		70DA7B182B9EFC9A009C5FAD /* SnapKit-Dynamic in Frameworks */ = {isa = PBXBuildFile; productRef = 70DA7B172B9EFC9A009C5FAD /* SnapKit-Dynamic */; };
		70DA7B1B2B9EFCA4009C5FAD /* Alamofire in Frameworks */ = {isa = PBXBuildFile; productRef = 70DA7B1A2B9EFCA4009C5FAD /* Alamofire */; };
		70DA7B1D2B9EFCA4009C5FAD /* AlamofireDynamic in Frameworks */ = {isa = PBXBuildFile; productRef = 70DA7B1C2B9EFCA4009C5FAD /* AlamofireDynamic */; };
		70DA7B1F2B9EFF1D009C5FAD /* User.swift in Sources */ = {isa = PBXBuildFile; fileRef = 70DA7B1E2B9EFF1D009C5FAD /* User.swift */; };
		70DA7B232B9F009D009C5FAD /* TokenResponse.swift in Sources */ = {isa = PBXBuildFile; fileRef = 70DA7B222B9F009D009C5FAD /* TokenResponse.swift */; };
		70DA7B262B9F0135009C5FAD /* NetworkManager.swift in Sources */ = {isa = PBXBuildFile; fileRef = 70DA7B252B9F0135009C5FAD /* NetworkManager.swift */; };
		70DA7B332B9F0298009C5FAD /* TailorDetailsViewController.swift in Sources */ = {isa = PBXBuildFile; fileRef = 70DA7B322B9F0298009C5FAD /* TailorDetailsViewController.swift */; };
		70DA7B352B9F02B4009C5FAD /* OrderStatusViewController.swift in Sources */ = {isa = PBXBuildFile; fileRef = 70DA7B342B9F02B4009C5FAD /* OrderStatusViewController.swift */; };
		70DA7B372B9F02C4009C5FAD /* SignInViewController.swift in Sources */ = {isa = PBXBuildFile; fileRef = 70DA7B362B9F02C4009C5FAD /* SignInViewController.swift */; };
		70DA7B392B9F02D6009C5FAD /* SignUpViewController.swift in Sources */ = {isa = PBXBuildFile; fileRef = 70DA7B382B9F02D6009C5FAD /* SignUpViewController.swift */; };
		70DA7B3B2B9F034C009C5FAD /* WelcomePageViewController.swift in Sources */ = {isa = PBXBuildFile; fileRef = 70DA7B3A2B9F034C009C5FAD /* WelcomePageViewController.swift */; };
		70DA7B3D2B9F0C3B009C5FAD /* Tailor.swift in Sources */ = {isa = PBXBuildFile; fileRef = 70DA7B3C2B9F0C3B009C5FAD /* Tailor.swift */; };
		70DA7B3F2B9F0C4E009C5FAD /* Request.swift in Sources */ = {isa = PBXBuildFile; fileRef = 70DA7B3E2B9F0C4E009C5FAD /* Request.swift */; };
		70DA7B412B9F0CC3009C5FAD /* ClothingType.swift in Sources */ = {isa = PBXBuildFile; fileRef = 70DA7B402B9F0CC3009C5FAD /* ClothingType.swift */; };
		70DA7B432B9F1457009C5FAD /* FilterTailorViewController.swift in Sources */ = {isa = PBXBuildFile; fileRef = 70DA7B422B9F1457009C5FAD /* FilterTailorViewController.swift */; };
/* End PBXBuildFile section */

/* Begin PBXFileReference section */
		70DA7AF72B9EFB31009C5FAD /* TailorApp.app */ = {isa = PBXFileReference; explicitFileType = wrapper.application; includeInIndex = 0; path = TailorApp.app; sourceTree = BUILT_PRODUCTS_DIR; };
		70DA7AFA2B9EFB31009C5FAD /* AppDelegate.swift */ = {isa = PBXFileReference; lastKnownFileType = sourcecode.swift; path = AppDelegate.swift; sourceTree = "<group>"; };
		70DA7AFC2B9EFB31009C5FAD /* SceneDelegate.swift */ = {isa = PBXFileReference; lastKnownFileType = sourcecode.swift; path = SceneDelegate.swift; sourceTree = "<group>"; };
		70DA7B032B9EFB33009C5FAD /* Assets.xcassets */ = {isa = PBXFileReference; lastKnownFileType = folder.assetcatalog; path = Assets.xcassets; sourceTree = "<group>"; };
		70DA7B062B9EFB33009C5FAD /* Base */ = {isa = PBXFileReference; lastKnownFileType = file.storyboard; name = Base; path = Base.lproj/LaunchScreen.storyboard; sourceTree = "<group>"; };
		70DA7B082B9EFB33009C5FAD /* Info.plist */ = {isa = PBXFileReference; lastKnownFileType = text.plist.xml; path = Info.plist; sourceTree = "<group>"; };
		70DA7B1E2B9EFF1D009C5FAD /* User.swift */ = {isa = PBXFileReference; lastKnownFileType = sourcecode.swift; path = User.swift; sourceTree = "<group>"; };
		70DA7B222B9F009D009C5FAD /* TokenResponse.swift */ = {isa = PBXFileReference; lastKnownFileType = sourcecode.swift; path = TokenResponse.swift; sourceTree = "<group>"; };
		70DA7B252B9F0135009C5FAD /* NetworkManager.swift */ = {isa = PBXFileReference; lastKnownFileType = sourcecode.swift; path = NetworkManager.swift; sourceTree = "<group>"; };
		70DA7B302B9F0252009C5FAD /* HomeViewController.swift */ = {isa = PBXFileReference; lastKnownFileType = sourcecode.swift; path = HomeViewController.swift; sourceTree = "<group>"; };
		70DA7B312B9F0263009C5FAD /* ProfileViewController.swift */ = {isa = PBXFileReference; lastKnownFileType = sourcecode.swift; path = ProfileViewController.swift; sourceTree = "<group>"; };
		70DA7B322B9F0298009C5FAD /* TailorDetailsViewController.swift */ = {isa = PBXFileReference; lastKnownFileType = sourcecode.swift; path = TailorDetailsViewController.swift; sourceTree = "<group>"; };
		70DA7B342B9F02B4009C5FAD /* OrderStatusViewController.swift */ = {isa = PBXFileReference; lastKnownFileType = sourcecode.swift; path = OrderStatusViewController.swift; sourceTree = "<group>"; };
		70DA7B362B9F02C4009C5FAD /* SignInViewController.swift */ = {isa = PBXFileReference; lastKnownFileType = sourcecode.swift; path = SignInViewController.swift; sourceTree = "<group>"; };
		70DA7B382B9F02D6009C5FAD /* SignUpViewController.swift */ = {isa = PBXFileReference; lastKnownFileType = sourcecode.swift; path = SignUpViewController.swift; sourceTree = "<group>"; };
		70DA7B3A2B9F034C009C5FAD /* WelcomePageViewController.swift */ = {isa = PBXFileReference; lastKnownFileType = sourcecode.swift; path = WelcomePageViewController.swift; sourceTree = "<group>"; };
		70DA7B3C2B9F0C3B009C5FAD /* Tailor.swift */ = {isa = PBXFileReference; lastKnownFileType = sourcecode.swift; path = Tailor.swift; sourceTree = "<group>"; };
		70DA7B3E2B9F0C4E009C5FAD /* Request.swift */ = {isa = PBXFileReference; lastKnownFileType = sourcecode.swift; path = Request.swift; sourceTree = "<group>"; };
		70DA7B402B9F0CC3009C5FAD /* ClothingType.swift */ = {isa = PBXFileReference; lastKnownFileType = sourcecode.swift; path = ClothingType.swift; sourceTree = "<group>"; };
		70DA7B422B9F1457009C5FAD /* FilterTailorViewController.swift */ = {isa = PBXFileReference; lastKnownFileType = sourcecode.swift; path = FilterTailorViewController.swift; sourceTree = "<group>"; };
/* End PBXFileReference section */

/* Begin PBXFrameworksBuildPhase section */
		70DA7AF42B9EFB31009C5FAD /* Frameworks */ = {
			isa = PBXFrameworksBuildPhase;
			buildActionMask = 2147483647;
			files = (
				70DA7B1B2B9EFCA4009C5FAD /* Alamofire in Frameworks */,
				70DA7B1D2B9EFCA4009C5FAD /* AlamofireDynamic in Frameworks */,
				70DA7B162B9EFC9A009C5FAD /* SnapKit in Frameworks */,
				70DA7B132B9EFC8D009C5FAD /* Kingfisher in Frameworks */,
				70DA7B102B9EFC84009C5FAD /* Eureka in Frameworks */,
				70DA7B182B9EFC9A009C5FAD /* SnapKit-Dynamic in Frameworks */,
			);
			runOnlyForDeploymentPostprocessing = 0;
		};
/* End PBXFrameworksBuildPhase section */

/* Begin PBXGroup section */
		70DA7AEE2B9EFB31009C5FAD = {
			isa = PBXGroup;
			children = (
				70DA7AF92B9EFB31009C5FAD /* TailorApp */,
				70DA7AF82B9EFB31009C5FAD /* Products */,
			);
			sourceTree = "<group>";
		};
		70DA7AF82B9EFB31009C5FAD /* Products */ = {
			isa = PBXGroup;
			children = (
				70DA7AF72B9EFB31009C5FAD /* TailorApp.app */,
			);
			name = Products;
			sourceTree = "<group>";
		};
		70DA7AF92B9EFB31009C5FAD /* TailorApp */ = {
			isa = PBXGroup;
			children = (
				70DA7B242B9F0104009C5FAD /* Network */,
				70DA7B202B9EFF28009C5FAD /* Supporting */,
				70DA7B032B9EFB33009C5FAD /* Assets.xcassets */,
				70DA7B052B9EFB33009C5FAD /* LaunchScreen.storyboard */,
				70DA7B212B9EFF48009C5FAD /* Model */,
				70DA7B2F2B9F0252009C5FAD /* VC */,
				70DA7B082B9EFB33009C5FAD /* Info.plist */,
			);
			path = TailorApp;
			sourceTree = "<group>";
		};
		70DA7B202B9EFF28009C5FAD /* Supporting */ = {
			isa = PBXGroup;
			children = (
				70DA7AFC2B9EFB31009C5FAD /* SceneDelegate.swift */,
				70DA7AFA2B9EFB31009C5FAD /* AppDelegate.swift */,
			);
			path = Supporting;
			sourceTree = "<group>";
		};
		70DA7B212B9EFF48009C5FAD /* Model */ = {
			isa = PBXGroup;
			children = (
				70DA7B1E2B9EFF1D009C5FAD /* User.swift */,
				70DA7B222B9F009D009C5FAD /* TokenResponse.swift */,
				70DA7B3C2B9F0C3B009C5FAD /* Tailor.swift */,
				70DA7B3E2B9F0C4E009C5FAD /* Request.swift */,
				70DA7B402B9F0CC3009C5FAD /* ClothingType.swift */,
			);
			path = Model;
			sourceTree = "<group>";
		};
		70DA7B242B9F0104009C5FAD /* Network */ = {
			isa = PBXGroup;
			children = (
				70DA7B252B9F0135009C5FAD /* NetworkManager.swift */,
			);
			path = Network;
			sourceTree = "<group>";
		};
		70DA7B2F2B9F0252009C5FAD /* VC */ = {
			isa = PBXGroup;
			children = (
				70DA7B312B9F0263009C5FAD /* ProfileViewController.swift */,
				70DA7B302B9F0252009C5FAD /* HomeViewController.swift */,
				70DA7B322B9F0298009C5FAD /* TailorDetailsViewController.swift */,
				70DA7B342B9F02B4009C5FAD /* OrderStatusViewController.swift */,
				70DA7B362B9F02C4009C5FAD /* SignInViewController.swift */,
				70DA7B382B9F02D6009C5FAD /* SignUpViewController.swift */,
				70DA7B3A2B9F034C009C5FAD /* WelcomePageViewController.swift */,
				70DA7B422B9F1457009C5FAD /* FilterTailorViewController.swift */,
			);
			path = VC;
			sourceTree = "<group>";
		};
/* End PBXGroup section */

/* Begin PBXNativeTarget section */
		70DA7AF62B9EFB31009C5FAD /* TailorApp */ = {
			isa = PBXNativeTarget;
			buildConfigurationList = 70DA7B0B2B9EFB33009C5FAD /* Build configuration list for PBXNativeTarget "TailorApp" */;
			buildPhases = (
				70DA7AF32B9EFB31009C5FAD /* Sources */,
				70DA7AF42B9EFB31009C5FAD /* Frameworks */,
				70DA7AF52B9EFB31009C5FAD /* Resources */,
			);
			buildRules = (
			);
			dependencies = (
			);
			name = TailorApp;
			packageProductDependencies = (
				70DA7B0F2B9EFC84009C5FAD /* Eureka */,
				70DA7B122B9EFC8D009C5FAD /* Kingfisher */,
				70DA7B152B9EFC9A009C5FAD /* SnapKit */,
				70DA7B172B9EFC9A009C5FAD /* SnapKit-Dynamic */,
				70DA7B1A2B9EFCA4009C5FAD /* Alamofire */,
				70DA7B1C2B9EFCA4009C5FAD /* AlamofireDynamic */,
			);
			productName = TailorApp;
			productReference = 70DA7AF72B9EFB31009C5FAD /* TailorApp.app */;
			productType = "com.apple.product-type.application";
		};
/* End PBXNativeTarget section */

/* Begin PBXProject section */
		70DA7AEF2B9EFB31009C5FAD /* Project object */ = {
			isa = PBXProject;
			attributes = {
				BuildIndependentTargetsInParallel = 1;
				LastSwiftUpdateCheck = 1520;
				LastUpgradeCheck = 1520;
				TargetAttributes = {
					70DA7AF62B9EFB31009C5FAD = {
						CreatedOnToolsVersion = 15.2;
					};
				};
			};
			buildConfigurationList = 70DA7AF22B9EFB31009C5FAD /* Build configuration list for PBXProject "TailorApp" */;
			compatibilityVersion = "Xcode 14.0";
			developmentRegion = en;
			hasScannedForEncodings = 0;
			knownRegions = (
				en,
				Base,
			);
			mainGroup = 70DA7AEE2B9EFB31009C5FAD;
			packageReferences = (
				70DA7B0E2B9EFC84009C5FAD /* XCRemoteSwiftPackageReference "Eureka" */,
				70DA7B112B9EFC8D009C5FAD /* XCRemoteSwiftPackageReference "Kingfisher" */,
				70DA7B142B9EFC9A009C5FAD /* XCRemoteSwiftPackageReference "SnapKit" */,
				70DA7B192B9EFCA4009C5FAD /* XCRemoteSwiftPackageReference "Alamofire" */,
			);
			productRefGroup = 70DA7AF82B9EFB31009C5FAD /* Products */;
			projectDirPath = "";
			projectRoot = "";
			targets = (
				70DA7AF62B9EFB31009C5FAD /* TailorApp */,
			);
		};
/* End PBXProject section */

/* Begin PBXResourcesBuildPhase section */
		70DA7AF52B9EFB31009C5FAD /* Resources */ = {
			isa = PBXResourcesBuildPhase;
			buildActionMask = 2147483647;
			files = (
				70DA7B072B9EFB33009C5FAD /* LaunchScreen.storyboard in Resources */,
				70DA7B042B9EFB33009C5FAD /* Assets.xcassets in Resources */,
			);
			runOnlyForDeploymentPostprocessing = 0;
		};
/* End PBXResourcesBuildPhase section */

/* Begin PBXSourcesBuildPhase section */
		70DA7AF32B9EFB31009C5FAD /* Sources */ = {
			isa = PBXSourcesBuildPhase;
			buildActionMask = 2147483647;
			files = (
				70DA7B392B9F02D6009C5FAD /* SignUpViewController.swift in Sources */,
				70DA7B3F2B9F0C4E009C5FAD /* Request.swift in Sources */,
				70DA7B262B9F0135009C5FAD /* NetworkManager.swift in Sources */,
				70DA7B1F2B9EFF1D009C5FAD /* User.swift in Sources */,
				70DA7B432B9F1457009C5FAD /* FilterTailorViewController.swift in Sources */,
				70DA7AFB2B9EFB31009C5FAD /* AppDelegate.swift in Sources */,
				70DA7B3B2B9F034C009C5FAD /* WelcomePageViewController.swift in Sources */,
				70DA7B412B9F0CC3009C5FAD /* ClothingType.swift in Sources */,
				70DA7B352B9F02B4009C5FAD /* OrderStatusViewController.swift in Sources */,
				70DA7AFD2B9EFB31009C5FAD /* SceneDelegate.swift in Sources */,
				70DA7B3D2B9F0C3B009C5FAD /* Tailor.swift in Sources */,
				70DA7B332B9F0298009C5FAD /* TailorDetailsViewController.swift in Sources */,
				70DA7B232B9F009D009C5FAD /* TokenResponse.swift in Sources */,
				70DA7B372B9F02C4009C5FAD /* SignInViewController.swift in Sources */,
			);
			runOnlyForDeploymentPostprocessing = 0;
		};
/* End PBXSourcesBuildPhase section */

/* Begin PBXVariantGroup section */
		70DA7B052B9EFB33009C5FAD /* LaunchScreen.storyboard */ = {
			isa = PBXVariantGroup;
			children = (
				70DA7B062B9EFB33009C5FAD /* Base */,
			);
			name = LaunchScreen.storyboard;
			sourceTree = "<group>";
		};
/* End PBXVariantGroup section */

/* Begin XCBuildConfiguration section */
		70DA7B092B9EFB33009C5FAD /* Debug */ = {
			isa = XCBuildConfiguration;
			buildSettings = {
				ALWAYS_SEARCH_USER_PATHS = NO;
				ASSETCATALOG_COMPILER_GENERATE_SWIFT_ASSET_SYMBOL_EXTENSIONS = YES;
				CLANG_ANALYZER_NONNULL = YES;
				CLANG_ANALYZER_NUMBER_OBJECT_CONVERSION = YES_AGGRESSIVE;
				CLANG_CXX_LANGUAGE_STANDARD = "gnu++20";
				CLANG_ENABLE_MODULES = YES;
				CLANG_ENABLE_OBJC_ARC = YES;
				CLANG_ENABLE_OBJC_WEAK = YES;
				CLANG_WARN_BLOCK_CAPTURE_AUTORELEASING = YES;
				CLANG_WARN_BOOL_CONVERSION = YES;
				CLANG_WARN_COMMA = YES;
				CLANG_WARN_CONSTANT_CONVERSION = YES;
				CLANG_WARN_DEPRECATED_OBJC_IMPLEMENTATIONS = YES;
				CLANG_WARN_DIRECT_OBJC_ISA_USAGE = YES_ERROR;
				CLANG_WARN_DOCUMENTATION_COMMENTS = YES;
				CLANG_WARN_EMPTY_BODY = YES;
				CLANG_WARN_ENUM_CONVERSION = YES;
				CLANG_WARN_INFINITE_RECURSION = YES;
				CLANG_WARN_INT_CONVERSION = YES;
				CLANG_WARN_NON_LITERAL_NULL_CONVERSION = YES;
				CLANG_WARN_OBJC_IMPLICIT_RETAIN_SELF = YES;
				CLANG_WARN_OBJC_LITERAL_CONVERSION = YES;
				CLANG_WARN_OBJC_ROOT_CLASS = YES_ERROR;
				CLANG_WARN_QUOTED_INCLUDE_IN_FRAMEWORK_HEADER = YES;
				CLANG_WARN_RANGE_LOOP_ANALYSIS = YES;
				CLANG_WARN_STRICT_PROTOTYPES = YES;
				CLANG_WARN_SUSPICIOUS_MOVE = YES;
				CLANG_WARN_UNGUARDED_AVAILABILITY = YES_AGGRESSIVE;
				CLANG_WARN_UNREACHABLE_CODE = YES;
				CLANG_WARN__DUPLICATE_METHOD_MATCH = YES;
				COPY_PHASE_STRIP = NO;
				DEBUG_INFORMATION_FORMAT = dwarf;
				ENABLE_STRICT_OBJC_MSGSEND = YES;
				ENABLE_TESTABILITY = YES;
				ENABLE_USER_SCRIPT_SANDBOXING = YES;
				GCC_C_LANGUAGE_STANDARD = gnu17;
				GCC_DYNAMIC_NO_PIC = NO;
				GCC_NO_COMMON_BLOCKS = YES;
				GCC_OPTIMIZATION_LEVEL = 0;
				GCC_PREPROCESSOR_DEFINITIONS = (
					"DEBUG=1",
					"$(inherited)",
				);
				GCC_WARN_64_TO_32_BIT_CONVERSION = YES;
				GCC_WARN_ABOUT_RETURN_TYPE = YES_ERROR;
				GCC_WARN_UNDECLARED_SELECTOR = YES;
				GCC_WARN_UNINITIALIZED_AUTOS = YES_AGGRESSIVE;
				GCC_WARN_UNUSED_FUNCTION = YES;
				GCC_WARN_UNUSED_VARIABLE = YES;
				IPHONEOS_DEPLOYMENT_TARGET = 17.2;
				LOCALIZATION_PREFERS_STRING_CATALOGS = YES;
				MTL_ENABLE_DEBUG_INFO = INCLUDE_SOURCE;
				MTL_FAST_MATH = YES;
				ONLY_ACTIVE_ARCH = YES;
				SDKROOT = iphoneos;
				SWIFT_ACTIVE_COMPILATION_CONDITIONS = "DEBUG $(inherited)";
				SWIFT_OPTIMIZATION_LEVEL = "-Onone";
			};
			name = Debug;
		};
		70DA7B0A2B9EFB33009C5FAD /* Release */ = {
			isa = XCBuildConfiguration;
			buildSettings = {
				ALWAYS_SEARCH_USER_PATHS = NO;
				ASSETCATALOG_COMPILER_GENERATE_SWIFT_ASSET_SYMBOL_EXTENSIONS = YES;
				CLANG_ANALYZER_NONNULL = YES;
				CLANG_ANALYZER_NUMBER_OBJECT_CONVERSION = YES_AGGRESSIVE;
				CLANG_CXX_LANGUAGE_STANDARD = "gnu++20";
				CLANG_ENABLE_MODULES = YES;
				CLANG_ENABLE_OBJC_ARC = YES;
				CLANG_ENABLE_OBJC_WEAK = YES;
				CLANG_WARN_BLOCK_CAPTURE_AUTORELEASING = YES;
				CLANG_WARN_BOOL_CONVERSION = YES;
				CLANG_WARN_COMMA = YES;
				CLANG_WARN_CONSTANT_CONVERSION = YES;
				CLANG_WARN_DEPRECATED_OBJC_IMPLEMENTATIONS = YES;
				CLANG_WARN_DIRECT_OBJC_ISA_USAGE = YES_ERROR;
				CLANG_WARN_DOCUMENTATION_COMMENTS = YES;
				CLANG_WARN_EMPTY_BODY = YES;
				CLANG_WARN_ENUM_CONVERSION = YES;
				CLANG_WARN_INFINITE_RECURSION = YES;
				CLANG_WARN_INT_CONVERSION = YES;
				CLANG_WARN_NON_LITERAL_NULL_CONVERSION = YES;
				CLANG_WARN_OBJC_IMPLICIT_RETAIN_SELF = YES;
				CLANG_WARN_OBJC_LITERAL_CONVERSION = YES;
				CLANG_WARN_OBJC_ROOT_CLASS = YES_ERROR;
				CLANG_WARN_QUOTED_INCLUDE_IN_FRAMEWORK_HEADER = YES;
				CLANG_WARN_RANGE_LOOP_ANALYSIS = YES;
				CLANG_WARN_STRICT_PROTOTYPES = YES;
				CLANG_WARN_SUSPICIOUS_MOVE = YES;
				CLANG_WARN_UNGUARDED_AVAILABILITY = YES_AGGRESSIVE;
				CLANG_WARN_UNREACHABLE_CODE = YES;
				CLANG_WARN__DUPLICATE_METHOD_MATCH = YES;
				COPY_PHASE_STRIP = NO;
				DEBUG_INFORMATION_FORMAT = "dwarf-with-dsym";
				ENABLE_NS_ASSERTIONS = NO;
				ENABLE_STRICT_OBJC_MSGSEND = YES;
				ENABLE_USER_SCRIPT_SANDBOXING = YES;
				GCC_C_LANGUAGE_STANDARD = gnu17;
				GCC_NO_COMMON_BLOCKS = YES;
				GCC_WARN_64_TO_32_BIT_CONVERSION = YES;
				GCC_WARN_ABOUT_RETURN_TYPE = YES_ERROR;
				GCC_WARN_UNDECLARED_SELECTOR = YES;
				GCC_WARN_UNINITIALIZED_AUTOS = YES_AGGRESSIVE;
				GCC_WARN_UNUSED_FUNCTION = YES;
				GCC_WARN_UNUSED_VARIABLE = YES;
				IPHONEOS_DEPLOYMENT_TARGET = 17.2;
				LOCALIZATION_PREFERS_STRING_CATALOGS = YES;
				MTL_ENABLE_DEBUG_INFO = NO;
				MTL_FAST_MATH = YES;
				SDKROOT = iphoneos;
				SWIFT_COMPILATION_MODE = wholemodule;
				VALIDATE_PRODUCT = YES;
			};
			name = Release;
		};
		70DA7B0C2B9EFB33009C5FAD /* Debug */ = {
			isa = XCBuildConfiguration;
			buildSettings = {
				ASSETCATALOG_COMPILER_APPICON_NAME = AppIcon;
				ASSETCATALOG_COMPILER_GLOBAL_ACCENT_COLOR_NAME = AccentColor;
				CODE_SIGN_STYLE = Automatic;
				CURRENT_PROJECT_VERSION = 1;
				GENERATE_INFOPLIST_FILE = YES;
				INFOPLIST_FILE = TailorApp/Info.plist;
				INFOPLIST_KEY_UIApplicationSupportsIndirectInputEvents = YES;
				INFOPLIST_KEY_UILaunchStoryboardName = LaunchScreen;
				INFOPLIST_KEY_UISupportedInterfaceOrientations_iPad = "UIInterfaceOrientationPortrait UIInterfaceOrientationPortraitUpsideDown UIInterfaceOrientationLandscapeLeft UIInterfaceOrientationLandscapeRight";
				INFOPLIST_KEY_UISupportedInterfaceOrientations_iPhone = "UIInterfaceOrientationPortrait UIInterfaceOrientationLandscapeLeft UIInterfaceOrientationLandscapeRight";
				LD_RUNPATH_SEARCH_PATHS = (
					"$(inherited)",
					"@executable_path/Frameworks",
				);
				MARKETING_VERSION = 1.0;
				PRODUCT_BUNDLE_IDENTIFIER = Othman.TailorApp;
				PRODUCT_NAME = "$(TARGET_NAME)";
				SWIFT_EMIT_LOC_STRINGS = YES;
				SWIFT_VERSION = 5.0;
				TARGETED_DEVICE_FAMILY = "1,2";
			};
			name = Debug;
		};
		70DA7B0D2B9EFB33009C5FAD /* Release */ = {
			isa = XCBuildConfiguration;
			buildSettings = {
				ASSETCATALOG_COMPILER_APPICON_NAME = AppIcon;
				ASSETCATALOG_COMPILER_GLOBAL_ACCENT_COLOR_NAME = AccentColor;
				CODE_SIGN_STYLE = Automatic;
				CURRENT_PROJECT_VERSION = 1;
				GENERATE_INFOPLIST_FILE = YES;
				INFOPLIST_FILE = TailorApp/Info.plist;
				INFOPLIST_KEY_UIApplicationSupportsIndirectInputEvents = YES;
				INFOPLIST_KEY_UILaunchStoryboardName = LaunchScreen;
				INFOPLIST_KEY_UISupportedInterfaceOrientations_iPad = "UIInterfaceOrientationPortrait UIInterfaceOrientationPortraitUpsideDown UIInterfaceOrientationLandscapeLeft UIInterfaceOrientationLandscapeRight";
				INFOPLIST_KEY_UISupportedInterfaceOrientations_iPhone = "UIInterfaceOrientationPortrait UIInterfaceOrientationLandscapeLeft UIInterfaceOrientationLandscapeRight";
				LD_RUNPATH_SEARCH_PATHS = (
					"$(inherited)",
					"@executable_path/Frameworks",
				);
				MARKETING_VERSION = 1.0;
				PRODUCT_BUNDLE_IDENTIFIER = Othman.TailorApp;
				PRODUCT_NAME = "$(TARGET_NAME)";
				SWIFT_EMIT_LOC_STRINGS = YES;
				SWIFT_VERSION = 5.0;
				TARGETED_DEVICE_FAMILY = "1,2";
			};
			name = Release;
		};
/* End XCBuildConfiguration section */

/* Begin XCConfigurationList section */
		70DA7AF22B9EFB31009C5FAD /* Build configuration list for PBXProject "TailorApp" */ = {
			isa = XCConfigurationList;
			buildConfigurations = (
				70DA7B092B9EFB33009C5FAD /* Debug */,
				70DA7B0A2B9EFB33009C5FAD /* Release */,
			);
			defaultConfigurationIsVisible = 0;
			defaultConfigurationName = Release;
		};
		70DA7B0B2B9EFB33009C5FAD /* Build configuration list for PBXNativeTarget "TailorApp" */ = {
			isa = XCConfigurationList;
			buildConfigurations = (
				70DA7B0C2B9EFB33009C5FAD /* Debug */,
				70DA7B0D2B9EFB33009C5FAD /* Release */,
			);
			defaultConfigurationIsVisible = 0;
			defaultConfigurationName = Release;
		};
/* End XCConfigurationList section */

/* Begin XCRemoteSwiftPackageReference section */
		70DA7B0E2B9EFC84009C5FAD /* XCRemoteSwiftPackageReference "Eureka" */ = {
			isa = XCRemoteSwiftPackageReference;
			repositoryURL = "https://github.com/xmartlabs/Eureka";
			requirement = {
				kind = upToNextMajorVersion;
				minimumVersion = 5.4.0;
			};
		};
		70DA7B112B9EFC8D009C5FAD /* XCRemoteSwiftPackageReference "Kingfisher" */ = {
			isa = XCRemoteSwiftPackageReference;
			repositoryURL = "https://github.com/onevcat/Kingfisher";
			requirement = {
				kind = upToNextMajorVersion;
				minimumVersion = 7.11.0;
			};
		};
		70DA7B142B9EFC9A009C5FAD /* XCRemoteSwiftPackageReference "SnapKit" */ = {
			isa = XCRemoteSwiftPackageReference;
			repositoryURL = "https://github.com/SnapKit/SnapKit";
			requirement = {
				kind = upToNextMajorVersion;
				minimumVersion = 5.7.1;
			};
		};
		70DA7B192B9EFCA4009C5FAD /* XCRemoteSwiftPackageReference "Alamofire" */ = {
			isa = XCRemoteSwiftPackageReference;
			repositoryURL = "https://github.com/Alamofire/Alamofire";
			requirement = {
				kind = upToNextMajorVersion;
				minimumVersion = 5.9.0;
			};
		};
/* End XCRemoteSwiftPackageReference section */

/* Begin XCSwiftPackageProductDependency section */
		70DA7B0F2B9EFC84009C5FAD /* Eureka */ = {
			isa = XCSwiftPackageProductDependency;
			package = 70DA7B0E2B9EFC84009C5FAD /* XCRemoteSwiftPackageReference "Eureka" */;
			productName = Eureka;
		};
		70DA7B122B9EFC8D009C5FAD /* Kingfisher */ = {
			isa = XCSwiftPackageProductDependency;
			package = 70DA7B112B9EFC8D009C5FAD /* XCRemoteSwiftPackageReference "Kingfisher" */;
			productName = Kingfisher;
		};
		70DA7B152B9EFC9A009C5FAD /* SnapKit */ = {
			isa = XCSwiftPackageProductDependency;
			package = 70DA7B142B9EFC9A009C5FAD /* XCRemoteSwiftPackageReference "SnapKit" */;
			productName = SnapKit;
		};
		70DA7B172B9EFC9A009C5FAD /* SnapKit-Dynamic */ = {
			isa = XCSwiftPackageProductDependency;
			package = 70DA7B142B9EFC9A009C5FAD /* XCRemoteSwiftPackageReference "SnapKit" */;
			productName = "SnapKit-Dynamic";
		};
		70DA7B1A2B9EFCA4009C5FAD /* Alamofire */ = {
			isa = XCSwiftPackageProductDependency;
			package = 70DA7B192B9EFCA4009C5FAD /* XCRemoteSwiftPackageReference "Alamofire" */;
			productName = Alamofire;
		};
		70DA7B1C2B9EFCA4009C5FAD /* AlamofireDynamic */ = {
			isa = XCSwiftPackageProductDependency;
			package = 70DA7B192B9EFCA4009C5FAD /* XCRemoteSwiftPackageReference "Alamofire" */;
			productName = AlamofireDynamic;
		};
/* End XCSwiftPackageProductDependency section */
	};
	rootObject = 70DA7AEF2B9EFB31009C5FAD /* Project object */;
}
